
Microsoft Visual Studio Solution File, Format Version 12.00
# Visual Studio Version 16
VisualStudioVersion = 16.0.33214.272
MinimumVisualStudioVersion = 10.0.40219.1
Project("{FAE04EC0-301F-11D3-BF4B-00C04F79EFBC}") = "ShopmeCommon", "ShopmeCommon\ShopmeCommon.csproj", "{3D1B9D28-AAB1-402B-BEE0-755CC63F8585}"
EndProject
Project("{FAE04EC0-301F-11D3-BF4B-00C04F79EFBC}") = "ShopmeBackEnd", "ShopmeBackEnd\ShopmeBackEnd.csproj", "{5B7721DF-235B-4A3A-9534-3FD4CEDA0E26}"
EndProject
Project("{FAE04EC0-301F-11D3-BF4B-00C04F79EFBC}") = "ShopmeFrontEnd", "ShopmeFrontEnd\ShopmeFrontEnd.csproj", "{45F29A70-FA00-476F-9CE0-9AB0BDA1783E}"
EndProject
Global
	GlobalSection(SolutionConfigurationPlatforms) = preSolution
		Debug|Any CPU = Debug|Any CPU
		Release|Any CPU = Release|Any CPU
	EndGlobalSection
	GlobalSection(ProjectConfigurationPlatforms) = postSolution
		{3D1B9D28-AAB1-402B-BEE0-755CC63F8585}.Debug|Any CPU.ActiveCfg = Debug|Any CPU
		{3D1B9D28-AAB1-402B-BEE0-755CC63F8585}.Debug|Any CPU.Build.0 = Debug|Any CPU
		{3D1B9D28-AAB1-402B-BEE0-755CC63F8585}.Release|Any CPU.ActiveCfg = Release|Any CPU
		{3D1B9D28-AAB1-402B-BEE0-755CC63F8585}.Release|Any CPU.Build.0 = Release|Any CPU
		{5B7721DF-235B-4A3A-9534-3FD4CEDA0E26}.Debug|Any CPU.ActiveCfg = Debug|Any CPU
		{5B7721DF-235B-4A3A-9534-3FD4CEDA0E26}.Debug|Any CPU.Build.0 = Debug|Any CPU
		{5B7721DF-235B-4A3A-9534-3FD4CEDA0E26}.Release|Any CPU.ActiveCfg = Release|Any CPU
		{5B7721DF-235B-4A3A-9534-3FD4CEDA0E26}.Release|Any CPU.Build.0 = Release|Any CPU
		{45F29A70-FA00-476F-9CE0-9AB0BDA1783E}.Debug|Any CPU.ActiveCfg = Debug|Any CPU
		{45F29A70-FA00-476F-9CE0-9AB0BDA1783E}.Debug|Any CPU.Build.0 = Debug|Any CPU
		{45F29A70-FA00-476F-9CE0-9AB0BDA1783E}.Release|Any CPU.ActiveCfg = Release|Any CPU
		{45F29A70-FA00-476F-9CE0-9AB0BDA1783E}.Release|Any CPU.Build.0 = Release|Any CPU
	EndGlobalSection
	GlobalSection(SolutionProperties) = preSolution
		HideSolutionNode = FALSE
	EndGlobalSection
	GlobalSection(ExtensibilityGlobals) = postSolution
		SolutionGuid = {E7817945-DA26-4A1F-A4E5-0BBB89B20E42}
	EndGlobalSection
EndGlobal
